
Microsoft Visual Studio Solution File, Format Version 12.00
# Visual Studio Version 16
VisualStudioVersion = 16.0.30406.217
MinimumVisualStudioVersion = 10.0.40219.1
Project("{9A19103F-16F7-4668-BE54-9A1E7A4F7556}") = "SquadronQuickstart", "SquadronQuickstart.csproj", "{1D293E54-4CA9-4845-969D-92EF49BD8837}"
EndProject
Global
	GlobalSection(SolutionConfigurationPlatforms) = preSolution
		Debug|Any CPU = Debug|Any CPU
		Release|Any CPU = Release|Any CPU
	EndGlobalSection
	GlobalSection(ProjectConfigurationPlatforms) = postSolution
		{1D293E54-4CA9-4845-969D-92EF49BD8837}.Debug|Any CPU.ActiveCfg = Debug|Any CPU
		{1D293E54-4CA9-4845-969D-92EF49BD8837}.Debug|Any CPU.Build.0 = Debug|Any CPU
		{1D293E54-4CA9-4845-969D-92EF49BD8837}.Release|Any CPU.ActiveCfg = Release|Any CPU
		{1D293E54-4CA9-4845-969D-92EF49BD8837}.Release|Any CPU.Build.0 = Release|Any CPU
	EndGlobalSection
	GlobalSection(SolutionProperties) = preSolution
		HideSolutionNode = FALSE
	EndGlobalSection
	GlobalSection(ExtensibilityGlobals) = postSolution
		SolutionGuid = {55BE09E6-2146-4958-8D77-466671533A5D}
	EndGlobalSection
EndGlobal
